# This file was autogenerated by Stack.
# You should not edit this file by hand.
# For more information, please see the documentation at:
#   https://docs.haskellstack.org/en/stable/lock_files

packages:
- completed:
    hackage: cairo-0.13.6.0@sha256:a9122d48957a2dbb5a177e5068b850efa1e99bb22c68eb2571165c3c945a8dd6,4187
    pantry-tree:
      size: 2830
      sha256: 180df55408086398e9901a6bcb2720da6fcecac5f57abcdb4df1251a686f1bb7
  original:
    hackage: cairo-0.13.6.0@sha256:a9122d48957a2dbb5a177e5068b850efa1e99bb22c68eb2571165c3c945a8dd6
- completed:
    hackage: ghc-events-0.8.0.2@sha256:3b591d15e8fab7426d9a9c2a0086872ee10232d78646d82705e0f2eea64df74c,4721
    pantry-tree:
      size: 3194
      sha256: 63eacea8d27621f9e544486dc33e2297c0f1d076ddb82454704075923a2e777b
  original:
    hackage: ghc-events-0.8.0.2@sha256:3b591d15e8fab7426d9a9c2a0086872ee10232d78646d82705e0f2eea64df74c
- completed:
    hackage: glib-0.13.7.0@sha256:25f62eb48d104342537dd1c724f07355d56226ca595ce6f1848415fbb7f59fa7,3120
    pantry-tree:
      size: 1625
      sha256: 3c465a6ff9d66eeff421271202e5f2537babf865d38541fed78b983317698c71
  original:
    hackage: glib-0.13.7.0@sha256:25f62eb48d104342537dd1c724f07355d56226ca595ce6f1848415fbb7f59fa7
- completed:
    hackage: gtk-0.14.10@sha256:3ab0b91fa36e3a8bc6fba38d8b08b8b36fc34c5b3ac4a6bb844e9997b5b8bcc0,16563
    pantry-tree:
      size: 21349
      sha256: a58f6d3ae62a671aad19db1e25808359e900aca5f5285de3b992bec9dd6044a2
  original:
    hackage: gtk-0.14.10@sha256:3ab0b91fa36e3a8bc6fba38d8b08b8b36fc34c5b3ac4a6bb844e9997b5b8bcc0
- completed:
    hackage: pango-0.13.6.0@sha256:ed8d300945bea97ccb652efc73d159634aefebff8c64f60eef6b6ac5ecebc4ae,3881
    pantry-tree:
      size: 1506
      sha256: 4563a04bbeac051cb257534bce68240956868936d64bf1b81c377aae0c98f9b1
  original:
    hackage: pango-0.13.6.0@sha256:ed8d300945bea97ccb652efc73d159634aefebff8c64f60eef6b6ac5ecebc4ae
- completed:
    hackage: template-haskell-2.13.0.0@sha256:555df4a4f47d358ce35f4c0f4371aa4347081fd00288e751838141d6fc7de627,1724
    pantry-tree:
      size: 850
      sha256: f513144b2b69442682090a5c3303f0a0be1c465fcf0b1c14bc23af47872417ef
  original:
    hackage: template-haskell-2.13.0.0@sha256:555df4a4f47d358ce35f4c0f4371aa4347081fd00288e751838141d6fc7de627
- completed:
    hackage: Cabal-2.2.0.1@sha256:2a80d8fb655474f0eaeb20434c47f64f84e6302e55973056f00df8ca050b9683,20037
    pantry-tree:
      size: 57215
      sha256: 9e8c93a78f85f6adb03283fc7d38e8c95b9dc45ccfa5aaa9f6dede1dcccf2acd
  original:
    hackage: Cabal-2.2.0.1@sha256:2a80d8fb655474f0eaeb20434c47f64f84e6302e55973056f00df8ca050b9683
- completed:
    hackage: gio-0.13.6.0@sha256:00fce1b49c902ba82433cc018fb5d4651797464342a9cbc66df2c62bb8884650,3102
    pantry-tree:
      size: 2036
      sha256: c61dab13582a46f50257d4789c7f37a9954e15bdc0deddf698a1dc19077a74c2
  original:
    hackage: gio-0.13.6.0@sha256:00fce1b49c902ba82433cc018fb5d4651797464342a9cbc66df2c62bb8884650
- completed:
    hackage: gtk2hs-buildtools-0.13.5.0@sha256:a765766c4208a3e4def319ebf280fbb9e7d0a3f28d15922db36970404fb1daee,5238
    pantry-tree:
      size: 3588
      sha256: bcc65d134ad8b4ceb31166eb5d6082575284fe069f28a1dfae43ee968f55461d
  original:
    hackage: gtk2hs-buildtools-0.13.5.0@sha256:a765766c4208a3e4def319ebf280fbb9e7d0a3f28d15922db36970404fb1daee
- completed:
    hackage: containers-0.5.11.0@sha256:28ad7337057442f75bc689315ab4ec7bdf5e6b2c39668f306672cecd82c02798,16685
    pantry-tree:
      size: 4849
      sha256: faa4e75922a28f7cfe9920c1d7ab3866b792cefcd29bf79f54cfe3b6b5f57cbf
  original:
    hackage: containers-0.5.11.0@sha256:28ad7337057442f75bc689315ab4ec7bdf5e6b2c39668f306672cecd82c02798
- completed:
    hackage: binary-0.8.7.0@sha256:ae3e6cca723ac55c54bbb3fa771bcf18142bc727afd57818e66d6ee6c8044f12,7705
    pantry-tree:
      size: 1976
      sha256: 35e44b6d3ccf0d56fc5407dc3f0895e74696a66da189afbd65973c95743f5e25
  original:
    hackage: binary-0.8.7.0@sha256:ae3e6cca723ac55c54bbb3fa771bcf18142bc727afd57818e66d6ee6c8044f12,7705
snapshots:
- completed:
    size: 498155
    url: https://raw.githubusercontent.com/commercialhaskell/stackage-snapshots/master/lts/13/19.yaml
    sha256: b9367a80d4393d02e58a46b8a9fdfbd7bc19f59c0c2bbf90034ba15cf52cf213
  original: lts-13.19
